// !$*UTF8*$!
{
	archiveVersion = 1;
	classes = {
	};
	objectVersion = 46;
	objects = {

/* Begin PBXBuildFile section */
		3F53C1A61A03744B00D0085E /* AppDelegate.swift in Sources */ = {isa = PBXBuildFile; fileRef = 3F53C1A51A03744B00D0085E /* AppDelegate.swift */; };
		3F53C1A91A03744B00D0085E /* codeDataExample2.xcdatamodeld in Sources */ = {isa = PBXBuildFile; fileRef = 3F53C1A71A03744B00D0085E /* codeDataExample2.xcdatamodeld */; };
		3F53C1AB1A03744B00D0085E /* ViewController.swift in Sources */ = {isa = PBXBuildFile; fileRef = 3F53C1AA1A03744B00D0085E /* ViewController.swift */; };
		3F53C1AE1A03744B00D0085E /* Main.storyboard in Resources */ = {isa = PBXBuildFile; fileRef = 3F53C1AC1A03744B00D0085E /* Main.storyboard */; };
		3F53C1B01A03744B00D0085E /* Images.xcassets in Resources */ = {isa = PBXBuildFile; fileRef = 3F53C1AF1A03744B00D0085E /* Images.xcassets */; };
		3F53C1B31A03744B00D0085E /* LaunchScreen.xib in Resources */ = {isa = PBXBuildFile; fileRef = 3F53C1B11A03744B00D0085E /* LaunchScreen.xib */; };
		3F53C1BF1A03744B00D0085E /* codeDataExample2Tests.swift in Sources */ = {isa = PBXBuildFile; fileRef = 3F53C1BE1A03744B00D0085E /* codeDataExample2Tests.swift */; };
/* End PBXBuildFile section */

/* Begin PBXContainerItemProxy section */
		3F53C1B91A03744B00D0085E /* PBXContainerItemProxy */ = {
			isa = PBXContainerItemProxy;
			containerPortal = 3F53C1981A03744B00D0085E /* Project object */;
			proxyType = 1;
			remoteGlobalIDString = 3F53C19F1A03744B00D0085E;
			remoteInfo = codeDataExample2;
		};
/* End PBXContainerItemProxy section */

/* Begin PBXFileReference section */
		3F53C1A01A03744B00D0085E /* codeDataExample2.app */ = {isa = PBXFileReference; explicitFileType = wrapper.application; includeInIndex = 0; path = codeDataExample2.app; sourceTree = BUILT_PRODUCTS_DIR; };
		3F53C1A41A03744B00D0085E /* Info.plist */ = {isa = PBXFileReference; lastKnownFileType = text.plist.xml; path = Info.plist; sourceTree = "<group>"; };
		3F53C1A51A03744B00D0085E /* AppDelegate.swift */ = {isa = PBXFileReference; lastKnownFileType = sourcecode.swift; path = AppDelegate.swift; sourceTree = "<group>"; };
		3F53C1A81A03744B00D0085E /* codeDataExample2.xcdatamodel */ = {isa = PBXFileReference; lastKnownFileType = wrapper.xcdatamodel; path = codeDataExample2.xcdatamodel; sourceTree = "<group>"; };
		3F53C1AA1A03744B00D0085E /* ViewController.swift */ = {isa = PBXFileReference; lastKnownFileType = sourcecode.swift; path = ViewController.swift; sourceTree = "<group>"; };
		3F53C1AD1A03744B00D0085E /* Base */ = {isa = PBXFileReference; lastKnownFileType = file.storyboard; name = Base; path = Base.lproj/Main.storyboard; sourceTree = "<group>"; };
		3F53C1AF1A03744B00D0085E /* Images.xcassets */ = {isa = PBXFileReference; lastKnownFileType = folder.assetcatalog; path = Images.xcassets; sourceTree = "<group>"; };
		3F53C1B21A03744B00D0085E /* Base */ = {isa = PBXFileReference; lastKnownFileType = file.xib; name = Base; path = Base.lproj/LaunchScreen.xib; sourceTree = "<group>"; };
		3F53C1B81A03744B00D0085E /* codeDataExample2Tests.xctest */ = {isa = PBXFileReference; explicitFileType = wrapper.cfbundle; includeInIndex = 0; path = codeDataExample2Tests.xctest; sourceTree = BUILT_PRODUCTS_DIR; };
		3F53C1BD1A03744B00D0085E /* Info.plist */ = {isa = PBXFileReference; lastKnownFileType = text.plist.xml; path = Info.plist; sourceTree = "<group>"; };
		3F53C1BE1A03744B00D0085E /* codeDataExample2Tests.swift */ = {isa = PBXFileReference; lastKnownFileType = sourcecode.swift; path = codeDataExample2Tests.swift; sourceTree = "<group>"; };
/* End PBXFileReference section */

/* Begin PBXFrameworksBuildPhase section */
		3F53C19D1A03744B00D0085E /* Frameworks */ = {
			isa = PBXFrameworksBuildPhase;
			buildActionMask = 2147483647;
			files = (
			);
			runOnlyForDeploymentPostprocessing = 0;
		};
		3F53C1B51A03744B00D0085E /* Frameworks */ = {
			isa = PBXFrameworksBuildPhase;
			buildActionMask = 2147483647;
			files = (
			);
			runOnlyForDeploymentPostprocessing = 0;
		};
/* End PBXFrameworksBuildPhase section */

/* Begin PBXGroup section */
		3F53C1971A03744B00D0085E = {
			isa = PBXGroup;
			children = (
				3F53C1A21A03744B00D0085E /* codeDataExample2 */,
				3F53C1BB1A03744B00D0085E /* codeDataExample2Tests */,
				3F53C1A11A03744B00D0085E /* Products */,
			);
			sourceTree = "<group>";
		};
		3F53C1A11A03744B00D0085E /* Products */ = {
			isa = PBXGroup;
			children = (
				3F53C1A01A03744B00D0085E /* codeDataExample2.app */,
				3F53C1B81A03744B00D0085E /* codeDataExample2Tests.xctest */,
			);
			name = Products;
			sourceTree = "<group>";
		};
		3F53C1A21A03744B00D0085E /* codeDataExample2 */ = {
			isa = PBXGroup;
			children = (
				3F53C1A51A03744B00D0085E /* AppDelegate.swift */,
				3F53C1AA1A03744B00D0085E /* ViewController.swift */,
				3F53C1AC1A03744B00D0085E /* Main.storyboard */,
				3F53C1AF1A03744B00D0085E /* Images.xcassets */,
				3F53C1B11A03744B00D0085E /* LaunchScreen.xib */,
				3F53C1A71A03744B00D0085E /* codeDataExample2.xcdatamodeld */,
				3F53C1A31A03744B00D0085E /* Supporting Files */,
			);
			path = codeDataExample2;
			sourceTree = "<group>";
		};
		3F53C1A31A03744B00D0085E /* Supporting Files */ = {
			isa = PBXGroup;
			children = (
				3F53C1A41A03744B00D0085E /* Info.plist */,
			);
			name = "Supporting Files";
			sourceTree = "<group>";
		};
		3F53C1BB1A03744B00D0085E /* codeDataExample2Tests */ = {
			isa = PBXGroup;
			children = (
				3F53C1BE1A03744B00D0085E /* codeDataExample2Tests.swift */,
				3F53C1BC1A03744B00D0085E /* Supporting Files */,
			);
			path = codeDataExample2Tests;
			sourceTree = "<group>";
		};
		3F53C1BC1A03744B00D0085E /* Supporting Files */ = {
			isa = PBXGroup;
			children = (
				3F53C1BD1A03744B00D0085E /* Info.plist */,
			);
			name = "Supporting Files";
			sourceTree = "<group>";
		};
/* End PBXGroup section */

/* Begin PBXNativeTarget section */
		3F53C19F1A03744B00D0085E /* codeDataExample2 */ = {
			isa = PBXNativeTarget;
			buildConfigurationList = 3F53C1C21A03744B00D0085E /* Build configuration list for PBXNativeTarget "codeDataExample2" */;
			buildPhases = (
				3F53C19C1A03744B00D0085E /* Sources */,
				3F53C19D1A03744B00D0085E /* Frameworks */,
				3F53C19E1A03744B00D0085E /* Resources */,
			);
			buildRules = (
			);
			dependencies = (
			);
			name = codeDataExample2;
			productName = codeDataExample2;
			productReference = 3F53C1A01A03744B00D0085E /* codeDataExample2.app */;
			productType = "com.apple.product-type.application";
		};
		3F53C1B71A03744B00D0085E /* codeDataExample2Tests */ = {
			isa = PBXNativeTarget;
			buildConfigurationList = 3F53C1C51A03744B00D0085E /* Build configuration list for PBXNativeTarget "codeDataExample2Tests" */;
			buildPhases = (
				3F53C1B41A03744B00D0085E /* Sources */,
				3F53C1B51A03744B00D0085E /* Frameworks */,
				3F53C1B61A03744B00D0085E /* Resources */,
			);
			buildRules = (
			);
			dependencies = (
				3F53C1BA1A03744B00D0085E /* PBXTargetDependency */,
			);
			name = codeDataExample2Tests;
			productName = codeDataExample2Tests;
			productReference = 3F53C1B81A03744B00D0085E /* codeDataExample2Tests.xctest */;
			productType = "com.apple.product-type.bundle.unit-test";
		};
/* End PBXNativeTarget section */

/* Begin PBXProject section */
		3F53C1981A03744B00D0085E /* Project object */ = {
			isa = PBXProject;
			attributes = {
				LastUpgradeCheck = 0600;
				ORGANIZATIONNAME = student;
				TargetAttributes = {
					3F53C19F1A03744B00D0085E = {
						CreatedOnToolsVersion = 6.0;
					};
					3F53C1B71A03744B00D0085E = {
						CreatedOnToolsVersion = 6.0;
						TestTargetID = 3F53C19F1A03744B00D0085E;
					};
				};
			};
			buildConfigurationList = 3F53C19B1A03744B00D0085E /* Build configuration list for PBXProject "codeDataExample2" */;
			compatibilityVersion = "Xcode 3.2";
			developmentRegion = English;
			hasScannedForEncodings = 0;
			knownRegions = (
				en,
				Base,
			);
			mainGroup = 3F53C1971A03744B00D0085E;
			productRefGroup = 3F53C1A11A03744B00D0085E /* Products */;
			projectDirPath = "";
			projectRoot = "";
			targets = (
				3F53C19F1A03744B00D0085E /* codeDataExample2 */,
				3F53C1B71A03744B00D0085E /* codeDataExample2Tests */,
			);
		};
/* End PBXProject section */

/* Begin PBXResourcesBuildPhase section */
		3F53C19E1A03744B00D0085E /* Resources */ = {
			isa = PBXResourcesBuildPhase;
			buildActionMask = 2147483647;
			files = (
				3F53C1AE1A03744B00D0085E /* Main.storyboard in Resources */,
				3F53C1B31A03744B00D0085E /* LaunchScreen.xib in Resources */,
				3F53C1B01A03744B00D0085E /* Images.xcassets in Resources */,
			);
			runOnlyForDeploymentPostprocessing = 0;
		};
		3F53C1B61A03744B00D0085E /* Resources */ = {
			isa = PBXResourcesBuildPhase;
			buildActionMask = 2147483647;
			files = (
			);
			runOnlyForDeploymentPostprocessing = 0;
		};
/* End PBXResourcesBuildPhase section */

/* Begin PBXSourcesBuildPhase section */
		3F53C19C1A03744B00D0085E /* Sources */ = {
			isa = PBXSourcesBuildPhase;
			buildActionMask = 2147483647;
			files = (
				3F53C1AB1A03744B00D0085E /* ViewController.swift in Sources */,
				3F53C1A91A03744B00D0085E /* codeDataExample2.xcdatamodeld in Sources */,
				3F53C1A61A03744B00D0085E /* AppDelegate.swift in Sources */,
			);
			runOnlyForDeploymentPostprocessing = 0;
		};
		3F53C1B41A03744B00D0085E /* Sources */ = {
			isa = PBXSourcesBuildPhase;
			buildActionMask = 2147483647;
			files = (
				3F53C1BF1A03744B00D0085E /* codeDataExample2Tests.swift in Sources */,
			);
			runOnlyForDeploymentPostprocessing = 0;
		};
/* End PBXSourcesBuildPhase section */

/* Begin PBXTargetDependency section */
		3F53C1BA1A03744B00D0085E /* PBXTargetDependency */ = {
			isa = PBXTargetDependency;
			target = 3F53C19F1A03744B00D0085E /* codeDataExample2 */;
			targetProxy = 3F53C1B91A03744B00D0085E /* PBXContainerItemProxy */;
		};
/* End PBXTargetDependency section */

/* Begin PBXVariantGroup section */
		3F53C1AC1A03744B00D0085E /* Main.storyboard */ = {
			isa = PBXVariantGroup;
			children = (
				3F53C1AD1A03744B00D0085E /* Base */,
			);
			name = Main.storyboard;
			sourceTree = "<group>";
		};
		3F53C1B11A03744B00D0085E /* LaunchScreen.xib */ = {
			isa = PBXVariantGroup;
			children = (
				3F53C1B21A03744B00D0085E /* Base */,
			);
			name = LaunchScreen.xib;
			sourceTree = "<group>";
		};
/* End PBXVariantGroup section */

/* Begin XCBuildConfiguration section */
		3F53C1C01A03744B00D0085E /* Debug */ = {
			isa = XCBuildConfiguration;
			buildSettings = {
				ALWAYS_SEARCH_USER_PATHS = NO;
				CLANG_CXX_LANGUAGE_STANDARD = "gnu++0x";
				CLANG_CXX_LIBRARY = "libc++";
				CLANG_ENABLE_MODULES = YES;
				CLANG_ENABLE_OBJC_ARC = YES;
				CLANG_WARN_BOOL_CONVERSION = YES;
				CLANG_WARN_CONSTANT_CONVERSION = YES;
				CLANG_WARN_DIRECT_OBJC_ISA_USAGE = YES_ERROR;
				CLANG_WARN_EMPTY_BODY = YES;
				CLANG_WARN_ENUM_CONVERSION = YES;
				CLANG_WARN_INT_CONVERSION = YES;
				CLANG_WARN_OBJC_ROOT_CLASS = YES_ERROR;
				CLANG_WARN_UNREACHABLE_CODE = YES;
				CLANG_WARN__DUPLICATE_METHOD_MATCH = YES;
				"CODE_SIGN_IDENTITY[sdk=iphoneos*]" = "iPhone Developer";
				COPY_PHASE_STRIP = NO;
				ENABLE_STRICT_OBJC_MSGSEND = YES;
				GCC_C_LANGUAGE_STANDARD = gnu99;
				GCC_DYNAMIC_NO_PIC = NO;
				GCC_OPTIMIZATION_LEVEL = 0;
				GCC_PREPROCESSOR_DEFINITIONS = (
					"DEBUG=1",
					"$(inherited)",
				);
				GCC_SYMBOLS_PRIVATE_EXTERN = NO;
				GCC_WARN_64_TO_32_BIT_CONVERSION = YES;
				GCC_WARN_ABOUT_RETURN_TYPE = YES_ERROR;
				GCC_WARN_UNDECLARED_SELECTOR = YES;
				GCC_WARN_UNINITIALIZED_AUTOS = YES_AGGRESSIVE;
				GCC_WARN_UNUSED_FUNCTION = YES;
				GCC_WARN_UNUSED_VARIABLE = YES;
				IPHONEOS_DEPLOYMENT_TARGET = 8.0;
				MTL_ENABLE_DEBUG_INFO = YES;
				ONLY_ACTIVE_ARCH = YES;
				SDKROOT = iphoneos;
				SWIFT_OPTIMIZATION_LEVEL = "-Onone";
			};
			name = Debug;
		};
		3F53C1C11A03744B00D0085E /* Release */ = {
			isa = XCBuildConfiguration;
			buildSettings = {
				ALWAYS_SEARCH_USER_PATHS = NO;
				CLANG_CXX_LANGUAGE_STANDARD = "gnu++0x";
				CLANG_CXX_LIBRARY = "libc++";
				CLANG_ENABLE_MODULES = YES;
				CLANG_ENABLE_OBJC_ARC = YES;
				CLANG_WARN_BOOL_CONVERSION = YES;
				CLANG_WARN_CONSTANT_CONVERSION = YES;
				CLANG_WARN_DIRECT_OBJC_ISA_USAGE = YES_ERROR;
				CLANG_WARN_EMPTY_BODY = YES;
				CLANG_WARN_ENUM_CONVERSION = YES;
				CLANG_WARN_INT_CONVERSION = YES;
				CLANG_WARN_OBJC_ROOT_CLASS = YES_ERROR;
				CLANG_WARN_UNREACHABLE_CODE = YES;
				CLANG_WARN__DUPLICATE_METHOD_MATCH = YES;
				"CODE_SIGN_IDENTITY[sdk=iphoneos*]" = "iPhone Developer";
				COPY_PHASE_STRIP = YES;
				ENABLE_NS_ASSERTIONS = NO;
				ENABLE_STRICT_OBJC_MSGSEND = YES;
				GCC_C_LANGUAGE_STANDARD = gnu99;
				GCC_WARN_64_TO_32_BIT_CONVERSION = YES;
				GCC_WARN_ABOUT_RETURN_TYPE = YES_ERROR;
				GCC_WARN_UNDECLARED_SELECTOR = YES;
				GCC_WARN_UNINITIALIZED_AUTOS = YES_AGGRESSIVE;
				GCC_WARN_UNUSED_FUNCTION = YES;
				GCC_WARN_UNUSED_VARIABLE = YES;
				IPHONEOS_DEPLOYMENT_TARGET = 8.0;
				MTL_ENABLE_DEBUG_INFO = NO;
				SDKROOT = iphoneos;
				VALIDATE_PRODUCT = YES;
			};
			name = Release;
		};
		3F53C1C31A03744B00D0085E /* Debug */ = {
			isa = XCBuildConfiguration;
			buildSettings = {
				ASSETCATALOG_COMPILER_APPICON_NAME = AppIcon;
				INFOPLIST_FILE = codeDataExample2/Info.plist;
				LD_RUNPATH_SEARCH_PATHS = "$(inherited) @executable_path/Frameworks";
				PRODUCT_NAME = "$(TARGET_NAME)";
			};
			name = Debug;
		};
		3F53C1C41A03744B00D0085E /* Release */ = {
			isa = XCBuildConfiguration;
			buildSettings = {
				ASSETCATALOG_COMPILER_APPICON_NAME = AppIcon;
				INFOPLIST_FILE = codeDataExample2/Info.plist;
				LD_RUNPATH_SEARCH_PATHS = "$(inherited) @executable_path/Frameworks";
				PRODUCT_NAME = "$(TARGET_NAME)";
			};
			name = Release;
		};
		3F53C1C61A03744B00D0085E /* Debug */ = {
			isa = XCBuildConfiguration;
			buildSettings = {
				BUNDLE_LOADER = "$(TEST_HOST)";
				FRAMEWORK_SEARCH_PATHS = (
					"$(SDKROOT)/Developer/Library/Frameworks",
					"$(inherited)",
				);
				GCC_PREPROCESSOR_DEFINITIONS = (
					"DEBUG=1",
					"$(inherited)",
				);
				INFOPLIST_FILE = codeDataExample2Tests/Info.plist;
				LD_RUNPATH_SEARCH_PATHS = "$(inherited) @executable_path/Frameworks @loader_path/Frameworks";
				PRODUCT_NAME = "$(TARGET_NAME)";
				TEST_HOST = "$(BUILT_PRODUCTS_DIR)/codeDataExample2.app/codeDataExample2";
			};
			name = Debug;
		};
		3F53C1C71A03744B00D0085E /* Release */ = {
			isa = XCBuildConfiguration;
			buildSettings = {
				BUNDLE_LOADER = "$(TEST_HOST)";
				FRAMEWORK_SEARCH_PATHS = (
					"$(SDKROOT)/Developer/Library/Frameworks",
					"$(inherited)",
				);
				INFOPLIST_FILE = codeDataExample2Tests/Info.plist;
				LD_RUNPATH_SEARCH_PATHS = "$(inherited) @executable_path/Frameworks @loader_path/Frameworks";
				PRODUCT_NAME = "$(TARGET_NAME)";
				TEST_HOST = "$(BUILT_PRODUCTS_DIR)/codeDataExample2.app/codeDataExample2";
			};
			name = Release;
		};
/* End XCBuildConfiguration section */

/* Begin XCConfigurationList section */
		3F53C19B1A03744B00D0085E /* Build configuration list for PBXProject "codeDataExample2" */ = {
			isa = XCConfigurationList;
			buildConfigurations = (
				3F53C1C01A03744B00D0085E /* Debug */,
				3F53C1C11A03744B00D0085E /* Release */,
			);
			defaultConfigurationIsVisible = 0;
			defaultConfigurationName = Release;
		};
		3F53C1C21A03744B00D0085E /* Build configuration list for PBXNativeTarget "codeDataExample2" */ = {
			isa = XCConfigurationList;
			buildConfigurations = (
				3F53C1C31A03744B00D0085E /* Debug */,
				3F53C1C41A03744B00D0085E /* Release */,
			);
			defaultConfigurationIsVisible = 0;
		};
		3F53C1C51A03744B00D0085E /* Build configuration list for PBXNativeTarget "codeDataExample2Tests" */ = {
			isa = XCConfigurationList;
			buildConfigurations = (
				3F53C1C61A03744B00D0085E /* Debug */,
				3F53C1C71A03744B00D0085E /* Release */,
			);
			defaultConfigurationIsVisible = 0;
		};
/* End XCConfigurationList section */

/* Begin XCVersionGroup section */
		3F53C1A71A03744B00D0085E /* codeDataExample2.xcdatamodeld */ = {
			isa = XCVersionGroup;
			children = (
				3F53C1A81A03744B00D0085E /* codeDataExample2.xcdatamodel */,
			);
			currentVersion = 3F53C1A81A03744B00D0085E /* codeDataExample2.xcdatamodel */;
			path = codeDataExample2.xcdatamodeld;
			sourceTree = "<group>";
			versionGroupType = wrapper.xcdatamodel;
		};
/* End XCVersionGroup section */
	};
	rootObject = 3F53C1981A03744B00D0085E /* Project object */;
}
